
Microsoft Visual Studio Solution File, Format Version 12.00
# Visual Studio Version 16
VisualStudioVersion = 16.0.30503.244
MinimumVisualStudioVersion = 10.0.40219.1
Project("{2150E333-8FDC-42A3-9474-1A3956D46DE8}") = "Microservices", "Microservices", "{029CEA1C-E836-4F50-A592-ABA7158098F7}"
EndProject
Project("{2150E333-8FDC-42A3-9474-1A3956D46DE8}") = "Domain", "Domain", "{74BD6E8E-6AA2-4DB1-9F66-50ED220B0C0E}"
EndProject
Project("{2150E333-8FDC-42A3-9474-1A3956D46DE8}") = "Infra.Bus", "Infra.Bus", "{92A830D7-8427-4F98-B826-09B00064A544}"
EndProject
Project("{2150E333-8FDC-42A3-9474-1A3956D46DE8}") = "Infra.IoC", "Infra.IoC", "{F47C0141-BA58-4493-849F-3BAEE8FAA347}"
EndProject
Project("{2150E333-8FDC-42A3-9474-1A3956D46DE8}") = "Presentation", "Presentation", "{3CD140E5-923C-480A-AE2C-A5E3721A11F3}"
EndProject
Project("{9A19103F-16F7-4668-BE54-9A1E7A4F7556}") = "MicroRabbit.Domain.Core", "MicroRabbit.Domain.Core\MicroRabbit.Domain.Core.csproj", "{1755EAE5-ACF2-4F14-B386-1EB344455416}"
EndProject
Project("{9A19103F-16F7-4668-BE54-9A1E7A4F7556}") = "MicroRabbit.Infra.Bus", "MicroRabbit.Infra.Bus\MicroRabbit.Infra.Bus.csproj", "{AA175C49-6415-491A-94E8-5E0A085D4F3A}"
EndProject
Project("{FAE04EC0-301F-11D3-BF4B-00C04F79EFBC}") = "MicroRabbit.Infra.IoC", "MicroRabbit.Infra.IoC\MicroRabbit.Infra.IoC.csproj", "{8A1734CA-D2FB-404A-A75A-BF8716C9C838}"
EndProject
Global
	GlobalSection(SolutionConfigurationPlatforms) = preSolution
		Debug|Any CPU = Debug|Any CPU
		Release|Any CPU = Release|Any CPU
	EndGlobalSection
	GlobalSection(ProjectConfigurationPlatforms) = postSolution
		{1755EAE5-ACF2-4F14-B386-1EB344455416}.Debug|Any CPU.ActiveCfg = Debug|Any CPU
		{1755EAE5-ACF2-4F14-B386-1EB344455416}.Debug|Any CPU.Build.0 = Debug|Any CPU
		{1755EAE5-ACF2-4F14-B386-1EB344455416}.Release|Any CPU.ActiveCfg = Release|Any CPU
		{1755EAE5-ACF2-4F14-B386-1EB344455416}.Release|Any CPU.Build.0 = Release|Any CPU
		{AA175C49-6415-491A-94E8-5E0A085D4F3A}.Debug|Any CPU.ActiveCfg = Debug|Any CPU
		{AA175C49-6415-491A-94E8-5E0A085D4F3A}.Debug|Any CPU.Build.0 = Debug|Any CPU
		{AA175C49-6415-491A-94E8-5E0A085D4F3A}.Release|Any CPU.ActiveCfg = Release|Any CPU
		{AA175C49-6415-491A-94E8-5E0A085D4F3A}.Release|Any CPU.Build.0 = Release|Any CPU
		{8A1734CA-D2FB-404A-A75A-BF8716C9C838}.Debug|Any CPU.ActiveCfg = Debug|Any CPU
		{8A1734CA-D2FB-404A-A75A-BF8716C9C838}.Debug|Any CPU.Build.0 = Debug|Any CPU
		{8A1734CA-D2FB-404A-A75A-BF8716C9C838}.Release|Any CPU.ActiveCfg = Release|Any CPU
		{8A1734CA-D2FB-404A-A75A-BF8716C9C838}.Release|Any CPU.Build.0 = Release|Any CPU
	EndGlobalSection
	GlobalSection(SolutionProperties) = preSolution
		HideSolutionNode = FALSE
	EndGlobalSection
	GlobalSection(NestedProjects) = preSolution
		{1755EAE5-ACF2-4F14-B386-1EB344455416} = {74BD6E8E-6AA2-4DB1-9F66-50ED220B0C0E}
		{AA175C49-6415-491A-94E8-5E0A085D4F3A} = {92A830D7-8427-4F98-B826-09B00064A544}
		{8A1734CA-D2FB-404A-A75A-BF8716C9C838} = {F47C0141-BA58-4493-849F-3BAEE8FAA347}
	EndGlobalSection
	GlobalSection(ExtensibilityGlobals) = postSolution
		SolutionGuid = {4388F1E9-301D-4E6C-8707-D5D48A6B6D81}
	EndGlobalSection
EndGlobal
